{
  "name": "ionic-datepicker",
  "version": "0.0.1",
  "lockfileVersion": 1,
  "requires": true,
  "dependencies": {
    "@ionic/core": {
      "version": "5.0.5",
      "resolved": "https://registry.npmjs.org/@ionic/core/-/core-5.0.5.tgz",
      "integrity": "sha512-k0O5V/3sFB55E+hKSqio1iDfwibZdlI97PuaI4PcGQDytzUCyGTlGAZn6iLi82NZqBRWWLOpwy+8N/cySiTWKg==",
      "dev": true,
      "requires": {
        "ionicons": "^5.0.1",
        "tslib": "^1.10.0"
      }
    },
    "@stencil/core": {
      "version": "1.11.0",
      "resolved": "https://registry.npmjs.org/@stencil/core/-/core-1.11.0.tgz",
      "integrity": "sha512-26p8VKe6+VtNaxsFN92griT0a4+IU3xQP2UMAeenZAd6eAFwubxFrvoh+KJNYhg39Jf5W1o00OZpN2zIRCXpXQ==",
      "dev": true,
      "requires": {
        "typescript": "3.8.3"
      }
    },
    "@types/luxon": {
      "version": "1.21.0",
      "resolved": "https://registry.npmjs.org/@types/luxon/-/luxon-1.21.0.tgz",
      "integrity": "sha512-Zhrf65tpjOlVIYrUhX9eu1VzRo8iixQDLFPbfqFxPpG4pBTNNPZ2BFhYE0IAsDfW9GWg+RcrUqiLwrGJH4rq4w==",
      "dev": true
    },
    "ionicons": {
      "version": "5.0.1",
      "resolved": "https://registry.npmjs.org/ionicons/-/ionicons-5.0.1.tgz",
      "integrity": "sha512-P9GHr7pgCJcG211W0wute49NZ9AvJZvFJf4OwYybakjX6j7tu0q5t5HNWn9bcb9YjI7SxBblJg8iqQ1Yb59DXw==",
      "dev": true
    },
    "js-datepicker": {
      "version": "5.4.0",
      "resolved": "https://registry.npmjs.org/js-datepicker/-/js-datepicker-5.4.0.tgz",
      "integrity": "sha512-lxVqSSP7qDPlUMZKR6uNeWQpRG3Aqa1iTq/v+wCyETRcVc4Xv33ChqdK8OZjmHmJm0DUDU9fTD8Vr+2eKzIY4A==",
      "dev": true
    },
    "luxon": {
      "version": "1.22.0",
      "resolved": "https://registry.npmjs.org/luxon/-/luxon-1.22.0.tgz",
      "integrity": "sha512-3sLvlfbFo+AxVEY3IqxymbumtnlgBwjDExxK60W3d+trrUzErNAz/PfvPT+mva+vEUrdIodeCOs7fB6zHtRSrw==",
      "dev": true
    },
    "tslib": {
      "version": "1.11.1",
      "resolved": "https://registry.npmjs.org/tslib/-/tslib-1.11.1.tgz",
      "integrity": "sha512-aZW88SY8kQbU7gpV19lN24LtXh/yD4ZZg6qieAJDDg+YBsJcSmLGK9QpnUjAKVG/xefmvJGd1WUmfpT/g6AJGA==",
      "dev": true
    },
    "typescript": {
      "version": "3.8.3",
      "resolved": "https://registry.npmjs.org/typescript/-/typescript-3.8.3.tgz",
      "integrity": "sha512-MYlEfn5VrLNsgudQTVJeNaQFUAI7DkhnOjdpAp4T+ku1TfQClewlbSuTVHiA+8skNBgaf02TL/kLOvig4y3G8w==",
      "dev": true
    }
  }
}
